<?xml version="1.0" encoding="utf-8"?>
<Project ToolsVersion="4.0" xmlns="http://schemas.microsoft.com/developer/msbuild/2003">
  <ItemGroup>
    <Filter Include="Include">
      <UniqueIdentifier>{93995380-89BD-4b04-88EB-625FBE52EBFB}</UniqueIdentifier>
      <Extensions>h;hpp;hxx;hm;inl;inc;xsd</Extensions>
    </Filter>
    <Filter Include="JUDPServer">
      <UniqueIdentifier>{67DA6AB6-F800-4c08-8B7A-83BB121AAD01}</UniqueIdentifier>
      <Extensions>rc;ico;cur;bmp;dlg;rc2;rct;bin;rgs;gif;jpg;jpeg;jpe;resx;tiff;tif;png;wav;mfcribbon-ms</Extensions>
    </Filter>
    <Filter Include="Common">
      <UniqueIdentifier>{261dff77-e15f-4c8f-bf1e-476c74985947}</UniqueIdentifier>
    </Filter>
    <Filter Include="JUDPClient">
      <UniqueIdentifier>{d021e864-bd45-4542-9bf0-fd0698814d35}</UniqueIdentifier>
    </Filter>
    <Filter Include="TestTools">
      <UniqueIdentifier>{7149da1c-f1e3-4236-b016-cfdfdbe613cf}</UniqueIdentifier>
    </Filter>
  </ItemGroup>
  <ItemGroup>
    <ClInclude Include="JBaseDef.h">
      <Filter>Include</Filter>
    </ClInclude>
    <ClInclude Include="JG_Memory.h">
      <Filter>Common</Filter>
    </ClInclude>
    <ClInclude Include="JUDPServer.h">
      <Filter>JUDPServer</Filter>
    </ClInclude>
    <ClInclude Include="JUDPClient.h">
      <Filter>JUDPClient</Filter>
    </ClInclude>
    <ClInclude Include="JUDPBaseDef.h">
      <Filter>Include</Filter>
    </ClInclude>
    <ClInclude Include="JTestUDPDef.h">
      <Filter>TestTools</Filter>
    </ClInclude>
    <ClInclude Include="JTestUDPServer.h">
      <Filter>TestTools</Filter>
    </ClInclude>
    <ClInclude Include="JTestUDPClient.h">
      <Filter>TestTools</Filter>
    </ClInclude>
    <ClInclude Include="JUDPConnection.h">
      <Filter>JUDPServer</Filter>
    </ClInclude>
    <ClInclude Include="JGS_Client_Protocol.h">
      <Filter>Include</Filter>
    </ClInclude>
  </ItemGroup>
  <ItemGroup>
    <ClCompile Include="JG_Memory.cpp">
      <Filter>Common</Filter>
    </ClCompile>
    <ClCompile Include="JUDPServer.cpp">
      <Filter>JUDPServer</Filter>
    </ClCompile>
    <ClCompile Include="JUDPClient.cpp">
      <Filter>JUDPClient</Filter>
    </ClCompile>
    <ClCompile Include="JTestUDPServer.cpp">
      <Filter>TestTools</Filter>
    </ClCompile>
    <ClCompile Include="JTestUDPClient.cpp">
      <Filter>TestTools</Filter>
    </ClCompile>
    <ClCompile Include="JTestMain.cpp">
      <Filter>TestTools</Filter>
    </ClCompile>
    <ClCompile Include="JUDPConnection.cpp">
      <Filter>JUDPServer</Filter>
    </ClCompile>
  </ItemGroup>
</Project>